
Microsoft Visual Studio Solution File, Format Version 12.00
# Visual Studio Version 17
VisualStudioVersion = 17.8.34322.80
MinimumVisualStudioVersion = 10.0.40219.1
Project("{9A19103F-16F7-4668-BE54-9A1E7A4F7556}") = "JeraUI", "JeraUI.csproj", "{86131E56-2647-4451-A40D-054A36C4371A}"
EndProject
Global
	GlobalSection(SolutionConfigurationPlatforms) = preSolution
		Debug|Any CPU = Debug|Any CPU
		Release|Any CPU = Release|Any CPU
	EndGlobalSection
	GlobalSection(ProjectConfigurationPlatforms) = postSolution
		{86131E56-2647-4451-A40D-054A36C4371A}.Debug|Any CPU.ActiveCfg = Debug|Any CPU
		{86131E56-2647-4451-A40D-054A36C4371A}.Debug|Any CPU.Build.0 = Debug|Any CPU
		{86131E56-2647-4451-A40D-054A36C4371A}.Release|Any CPU.ActiveCfg = Release|Any CPU
		{86131E56-2647-4451-A40D-054A36C4371A}.Release|Any CPU.Build.0 = Release|Any CPU
	EndGlobalSection
	GlobalSection(SolutionProperties) = preSolution
		HideSolutionNode = FALSE
	EndGlobalSection
	GlobalSection(ExtensibilityGlobals) = postSolution
		SolutionGuid = {C3E203FE-E1DD-4C83-9DA7-03782FE40A35}
	EndGlobalSection
EndGlobal
